
Microsoft Visual Studio Solution File, Format Version 12.00
# Visual Studio 15
VisualStudioVersion = 15.0.28307.779
MinimumVisualStudioVersion = 10.0.40219.1
Project("{2150E333-8FDC-42A3-9474-1A3956D46DE8}") = "Data", "Data", "{1F1ACEAD-115F-4929-B56C-ED18A3DE7B3E}"
EndProject
Project("{FAE04EC0-301F-11D3-BF4B-00C04F79EFBC}") = "MasGlobal.DataAccess.Interfaces", "MasGlobal.DataAccess.Interfaces\MasGlobal.DataAccess.Interfaces.csproj", "{7CCD0940-199F-420C-82A1-150A1E26BDE5}"
EndProject
Project("{FAE04EC0-301F-11D3-BF4B-00C04F79EFBC}") = "MasGlobal.DataAccess.Interfaces.Dtos", "MasGlobal.DataAccess.Interfaces.Dtos\MasGlobal.DataAccess.Interfaces.Dtos.csproj", "{A186FBAB-5C81-40E5-8099-6BFCC02344B1}"
EndProject
Project("{FAE04EC0-301F-11D3-BF4B-00C04F79EFBC}") = "MasGlobal.DataAccess", "MasGlobal.DataAccess\MasGlobal.DataAccess.csproj", "{DEEE2B46-5060-41D7-819B-F11FA3BB4DBB}"
EndProject
Project("{2150E333-8FDC-42A3-9474-1A3956D46DE8}") = "Business", "Business", "{D173C82B-18E8-4ADA-88F1-E9651215253A}"
EndProject
Project("{FAE04EC0-301F-11D3-BF4B-00C04F79EFBC}") = "MasGlobal.Business.Entities", "MasGlobal.Business.Entities\MasGlobal.Business.Entities.csproj", "{A0A81653-82D5-4EA4-AA45-192BCD9CA0DC}"
EndProject
Project("{FAE04EC0-301F-11D3-BF4B-00C04F79EFBC}") = "MasGlobal.Business.Interfaces", "MasGlobal.Business.Interfaces\MasGlobal.Business.Interfaces.csproj", "{1DE83EF5-5D59-486A-94C1-AA605CC57A20}"
EndProject
Project("{FAE04EC0-301F-11D3-BF4B-00C04F79EFBC}") = "MasGlobal.Business", "MasGlobal.Business\MasGlobal.Business.csproj", "{2AEA0AF2-0FF1-497F-9F8C-CE3CFE3C0F01}"
EndProject
Project("{2150E333-8FDC-42A3-9474-1A3956D46DE8}") = "Insfrastucture", "Insfrastucture", "{12B05DDA-E735-4ECC-BA58-0CC8188AB44A}"
EndProject
Project("{FAE04EC0-301F-11D3-BF4B-00C04F79EFBC}") = "MasGlobal.Insfrastucture", "MasGlobal.Insfrastucture\MasGlobal.Insfrastucture.csproj", "{4F649664-9151-4C37-BF8D-F1402B32B843}"
EndProject
Project("{FAE04EC0-301F-11D3-BF4B-00C04F79EFBC}") = "MasGlobal.Insfrastucture.Interfaces", "MasGlobal.Insfrastucture.Interfaces\MasGlobal.Insfrastucture.Interfaces.csproj", "{BA458B34-A6A8-403A-B5FF-80CE4DBEE763}"
EndProject
Project("{2150E333-8FDC-42A3-9474-1A3956D46DE8}") = "Presentation", "Presentation", "{3DD8DEBF-B0FA-4655-97E3-2F9E65C58DA7}"
EndProject
Project("{FAE04EC0-301F-11D3-BF4B-00C04F79EFBC}") = "MasGlobal.Injector", "MasGlobal.Injector\MasGlobal.Injector.csproj", "{09B46D0F-7487-4D9A-9209-1D39938F30E4}"
EndProject
Project("{FAE04EC0-301F-11D3-BF4B-00C04F79EFBC}") = "MasGlobal.Api", "MasGlobal.Api\MasGlobal.Api.csproj", "{A97800D7-C98E-4530-AA5E-A7CFE9EC165B}"
EndProject
Project("{FAE04EC0-301F-11D3-BF4B-00C04F79EFBC}") = "MasGlobal.Api.ViewModels", "MasGlobal.Api.ViewModels\MasGlobal.Api.ViewModels.csproj", "{012F6EBA-19B1-4D1F-91F5-6B77A9F5B8CF}"
EndProject
Project("{FAE04EC0-301F-11D3-BF4B-00C04F79EFBC}") = "MasGlobal.Mvc", "MasGlobal.Mvc\MasGlobal.Mvc.csproj", "{06C4289D-0D1C-489A-84EB-6FD3571FD89C}"
EndProject
Project("{2150E333-8FDC-42A3-9474-1A3956D46DE8}") = "Common", "Common", "{1E1E12B6-5A2B-46D8-B1F1-151C244AAFB9}"
EndProject
Project("{FAE04EC0-301F-11D3-BF4B-00C04F79EFBC}") = "MasGlobal.Common", "MasGlobal.Common\MasGlobal.Common.csproj", "{A4A63C5D-F4EF-45CE-A3F5-DD849ABFDD17}"
EndProject
Project("{2150E333-8FDC-42A3-9474-1A3956D46DE8}") = "Test", "Test", "{632C305C-FD78-4749-B407-24BFF389FD85}"
EndProject
Project("{FAE04EC0-301F-11D3-BF4B-00C04F79EFBC}") = "MasGlobal.Business.UnitTests", "MasGlobal.Business.UnitTests\MasGlobal.Business.UnitTests.csproj", "{DF0C02F3-4B58-4812-B7E9-B2E220ED75D3}"
EndProject
Global
	GlobalSection(SolutionConfigurationPlatforms) = preSolution
		Debug|Any CPU = Debug|Any CPU
		Release|Any CPU = Release|Any CPU
	EndGlobalSection
	GlobalSection(ProjectConfigurationPlatforms) = postSolution
		{7CCD0940-199F-420C-82A1-150A1E26BDE5}.Debug|Any CPU.ActiveCfg = Debug|Any CPU
		{7CCD0940-199F-420C-82A1-150A1E26BDE5}.Debug|Any CPU.Build.0 = Debug|Any CPU
		{7CCD0940-199F-420C-82A1-150A1E26BDE5}.Release|Any CPU.ActiveCfg = Release|Any CPU
		{7CCD0940-199F-420C-82A1-150A1E26BDE5}.Release|Any CPU.Build.0 = Release|Any CPU
		{A186FBAB-5C81-40E5-8099-6BFCC02344B1}.Debug|Any CPU.ActiveCfg = Debug|Any CPU
		{A186FBAB-5C81-40E5-8099-6BFCC02344B1}.Debug|Any CPU.Build.0 = Debug|Any CPU
		{A186FBAB-5C81-40E5-8099-6BFCC02344B1}.Release|Any CPU.ActiveCfg = Release|Any CPU
		{A186FBAB-5C81-40E5-8099-6BFCC02344B1}.Release|Any CPU.Build.0 = Release|Any CPU
		{DEEE2B46-5060-41D7-819B-F11FA3BB4DBB}.Debug|Any CPU.ActiveCfg = Debug|Any CPU
		{DEEE2B46-5060-41D7-819B-F11FA3BB4DBB}.Debug|Any CPU.Build.0 = Debug|Any CPU
		{DEEE2B46-5060-41D7-819B-F11FA3BB4DBB}.Release|Any CPU.ActiveCfg = Release|Any CPU
		{DEEE2B46-5060-41D7-819B-F11FA3BB4DBB}.Release|Any CPU.Build.0 = Release|Any CPU
		{A0A81653-82D5-4EA4-AA45-192BCD9CA0DC}.Debug|Any CPU.ActiveCfg = Debug|Any CPU
		{A0A81653-82D5-4EA4-AA45-192BCD9CA0DC}.Debug|Any CPU.Build.0 = Debug|Any CPU
		{A0A81653-82D5-4EA4-AA45-192BCD9CA0DC}.Release|Any CPU.ActiveCfg = Release|Any CPU
		{A0A81653-82D5-4EA4-AA45-192BCD9CA0DC}.Release|Any CPU.Build.0 = Release|Any CPU
		{1DE83EF5-5D59-486A-94C1-AA605CC57A20}.Debug|Any CPU.ActiveCfg = Debug|Any CPU
		{1DE83EF5-5D59-486A-94C1-AA605CC57A20}.Debug|Any CPU.Build.0 = Debug|Any CPU
		{1DE83EF5-5D59-486A-94C1-AA605CC57A20}.Release|Any CPU.ActiveCfg = Release|Any CPU
		{1DE83EF5-5D59-486A-94C1-AA605CC57A20}.Release|Any CPU.Build.0 = Release|Any CPU
		{2AEA0AF2-0FF1-497F-9F8C-CE3CFE3C0F01}.Debug|Any CPU.ActiveCfg = Debug|Any CPU
		{2AEA0AF2-0FF1-497F-9F8C-CE3CFE3C0F01}.Debug|Any CPU.Build.0 = Debug|Any CPU
		{2AEA0AF2-0FF1-497F-9F8C-CE3CFE3C0F01}.Release|Any CPU.ActiveCfg = Release|Any CPU
		{2AEA0AF2-0FF1-497F-9F8C-CE3CFE3C0F01}.Release|Any CPU.Build.0 = Release|Any CPU
		{4F649664-9151-4C37-BF8D-F1402B32B843}.Debug|Any CPU.ActiveCfg = Debug|Any CPU
		{4F649664-9151-4C37-BF8D-F1402B32B843}.Debug|Any CPU.Build.0 = Debug|Any CPU
		{4F649664-9151-4C37-BF8D-F1402B32B843}.Release|Any CPU.ActiveCfg = Release|Any CPU
		{4F649664-9151-4C37-BF8D-F1402B32B843}.Release|Any CPU.Build.0 = Release|Any CPU
		{BA458B34-A6A8-403A-B5FF-80CE4DBEE763}.Debug|Any CPU.ActiveCfg = Debug|Any CPU
		{BA458B34-A6A8-403A-B5FF-80CE4DBEE763}.Debug|Any CPU.Build.0 = Debug|Any CPU
		{BA458B34-A6A8-403A-B5FF-80CE4DBEE763}.Release|Any CPU.ActiveCfg = Release|Any CPU
		{BA458B34-A6A8-403A-B5FF-80CE4DBEE763}.Release|Any CPU.Build.0 = Release|Any CPU
		{09B46D0F-7487-4D9A-9209-1D39938F30E4}.Debug|Any CPU.ActiveCfg = Debug|Any CPU
		{09B46D0F-7487-4D9A-9209-1D39938F30E4}.Debug|Any CPU.Build.0 = Debug|Any CPU
		{09B46D0F-7487-4D9A-9209-1D39938F30E4}.Release|Any CPU.ActiveCfg = Release|Any CPU
		{09B46D0F-7487-4D9A-9209-1D39938F30E4}.Release|Any CPU.Build.0 = Release|Any CPU
		{A97800D7-C98E-4530-AA5E-A7CFE9EC165B}.Debug|Any CPU.ActiveCfg = Debug|Any CPU
		{A97800D7-C98E-4530-AA5E-A7CFE9EC165B}.Debug|Any CPU.Build.0 = Debug|Any CPU
		{A97800D7-C98E-4530-AA5E-A7CFE9EC165B}.Release|Any CPU.ActiveCfg = Release|Any CPU
		{A97800D7-C98E-4530-AA5E-A7CFE9EC165B}.Release|Any CPU.Build.0 = Release|Any CPU
		{012F6EBA-19B1-4D1F-91F5-6B77A9F5B8CF}.Debug|Any CPU.ActiveCfg = Debug|Any CPU
		{012F6EBA-19B1-4D1F-91F5-6B77A9F5B8CF}.Debug|Any CPU.Build.0 = Debug|Any CPU
		{012F6EBA-19B1-4D1F-91F5-6B77A9F5B8CF}.Release|Any CPU.ActiveCfg = Release|Any CPU
		{012F6EBA-19B1-4D1F-91F5-6B77A9F5B8CF}.Release|Any CPU.Build.0 = Release|Any CPU
		{06C4289D-0D1C-489A-84EB-6FD3571FD89C}.Debug|Any CPU.ActiveCfg = Debug|Any CPU
		{06C4289D-0D1C-489A-84EB-6FD3571FD89C}.Debug|Any CPU.Build.0 = Debug|Any CPU
		{06C4289D-0D1C-489A-84EB-6FD3571FD89C}.Release|Any CPU.ActiveCfg = Release|Any CPU
		{06C4289D-0D1C-489A-84EB-6FD3571FD89C}.Release|Any CPU.Build.0 = Release|Any CPU
		{A4A63C5D-F4EF-45CE-A3F5-DD849ABFDD17}.Debug|Any CPU.ActiveCfg = Debug|Any CPU
		{A4A63C5D-F4EF-45CE-A3F5-DD849ABFDD17}.Debug|Any CPU.Build.0 = Debug|Any CPU
		{A4A63C5D-F4EF-45CE-A3F5-DD849ABFDD17}.Release|Any CPU.ActiveCfg = Release|Any CPU
		{A4A63C5D-F4EF-45CE-A3F5-DD849ABFDD17}.Release|Any CPU.Build.0 = Release|Any CPU
		{DF0C02F3-4B58-4812-B7E9-B2E220ED75D3}.Debug|Any CPU.ActiveCfg = Debug|Any CPU
		{DF0C02F3-4B58-4812-B7E9-B2E220ED75D3}.Debug|Any CPU.Build.0 = Debug|Any CPU
		{DF0C02F3-4B58-4812-B7E9-B2E220ED75D3}.Release|Any CPU.ActiveCfg = Release|Any CPU
		{DF0C02F3-4B58-4812-B7E9-B2E220ED75D3}.Release|Any CPU.Build.0 = Release|Any CPU
	EndGlobalSection
	GlobalSection(SolutionProperties) = preSolution
		HideSolutionNode = FALSE
	EndGlobalSection
	GlobalSection(NestedProjects) = preSolution
		{7CCD0940-199F-420C-82A1-150A1E26BDE5} = {1F1ACEAD-115F-4929-B56C-ED18A3DE7B3E}
		{A186FBAB-5C81-40E5-8099-6BFCC02344B1} = {1F1ACEAD-115F-4929-B56C-ED18A3DE7B3E}
		{DEEE2B46-5060-41D7-819B-F11FA3BB4DBB} = {1F1ACEAD-115F-4929-B56C-ED18A3DE7B3E}
		{A0A81653-82D5-4EA4-AA45-192BCD9CA0DC} = {D173C82B-18E8-4ADA-88F1-E9651215253A}
		{1DE83EF5-5D59-486A-94C1-AA605CC57A20} = {D173C82B-18E8-4ADA-88F1-E9651215253A}
		{2AEA0AF2-0FF1-497F-9F8C-CE3CFE3C0F01} = {D173C82B-18E8-4ADA-88F1-E9651215253A}
		{4F649664-9151-4C37-BF8D-F1402B32B843} = {12B05DDA-E735-4ECC-BA58-0CC8188AB44A}
		{BA458B34-A6A8-403A-B5FF-80CE4DBEE763} = {12B05DDA-E735-4ECC-BA58-0CC8188AB44A}
		{09B46D0F-7487-4D9A-9209-1D39938F30E4} = {12B05DDA-E735-4ECC-BA58-0CC8188AB44A}
		{A97800D7-C98E-4530-AA5E-A7CFE9EC165B} = {3DD8DEBF-B0FA-4655-97E3-2F9E65C58DA7}
		{012F6EBA-19B1-4D1F-91F5-6B77A9F5B8CF} = {3DD8DEBF-B0FA-4655-97E3-2F9E65C58DA7}
		{06C4289D-0D1C-489A-84EB-6FD3571FD89C} = {3DD8DEBF-B0FA-4655-97E3-2F9E65C58DA7}
		{A4A63C5D-F4EF-45CE-A3F5-DD849ABFDD17} = {1E1E12B6-5A2B-46D8-B1F1-151C244AAFB9}
		{632C305C-FD78-4749-B407-24BFF389FD85} = {D173C82B-18E8-4ADA-88F1-E9651215253A}
		{DF0C02F3-4B58-4812-B7E9-B2E220ED75D3} = {632C305C-FD78-4749-B407-24BFF389FD85}
	EndGlobalSection
	GlobalSection(ExtensibilityGlobals) = postSolution
		SolutionGuid = {3BA35A33-9CC5-48FE-BA5D-9E52AE278F7B}
	EndGlobalSection
EndGlobal
